// !$*UTF8*$!
{
	archiveVersion = 1;
	classes = {
	};
	objectVersion = 46;
	objects = {

/* Begin PBXBuildFile section */
		BABC46A41B0895BE008708E9 /* AppDelegate.swift in Sources */ = {isa = PBXBuildFile; fileRef = BABC46A31B0895BE008708E9 /* AppDelegate.swift */; };
		BABC46A61B0895BE008708E9 /* ViewController.swift in Sources */ = {isa = PBXBuildFile; fileRef = BABC46A51B0895BE008708E9 /* ViewController.swift */; };
		BABC46A91B0895BE008708E9 /* Main.storyboard in Resources */ = {isa = PBXBuildFile; fileRef = BABC46A71B0895BE008708E9 /* Main.storyboard */; };
		BABC46AB1B0895BE008708E9 /* Images.xcassets in Resources */ = {isa = PBXBuildFile; fileRef = BABC46AA1B0895BE008708E9 /* Images.xcassets */; };
		BABC46AE1B0895BE008708E9 /* LaunchScreen.xib in Resources */ = {isa = PBXBuildFile; fileRef = BABC46AC1B0895BE008708E9 /* LaunchScreen.xib */; };
		BABC46BA1B0895BE008708E9 /* UITableViewPracticeTests.swift in Sources */ = {isa = PBXBuildFile; fileRef = BABC46B91B0895BE008708E9 /* UITableViewPracticeTests.swift */; };
/* End PBXBuildFile section */

/* Begin PBXContainerItemProxy section */
		BABC46B41B0895BE008708E9 /* PBXContainerItemProxy */ = {
			isa = PBXContainerItemProxy;
			containerPortal = BABC46961B0895BE008708E9 /* Project object */;
			proxyType = 1;
			remoteGlobalIDString = BABC469D1B0895BE008708E9;
			remoteInfo = UITableViewPractice;
		};
/* End PBXContainerItemProxy section */

/* Begin PBXFileReference section */
		BABC469E1B0895BE008708E9 /* UITableViewPractice.app */ = {isa = PBXFileReference; explicitFileType = wrapper.application; includeInIndex = 0; path = UITableViewPractice.app; sourceTree = BUILT_PRODUCTS_DIR; };
		BABC46A21B0895BE008708E9 /* Info.plist */ = {isa = PBXFileReference; lastKnownFileType = text.plist.xml; path = Info.plist; sourceTree = "<group>"; };
		BABC46A31B0895BE008708E9 /* AppDelegate.swift */ = {isa = PBXFileReference; lastKnownFileType = sourcecode.swift; path = AppDelegate.swift; sourceTree = "<group>"; };
		BABC46A51B0895BE008708E9 /* ViewController.swift */ = {isa = PBXFileReference; lastKnownFileType = sourcecode.swift; path = ViewController.swift; sourceTree = "<group>"; };
		BABC46A81B0895BE008708E9 /* Base */ = {isa = PBXFileReference; lastKnownFileType = file.storyboard; name = Base; path = Base.lproj/Main.storyboard; sourceTree = "<group>"; };
		BABC46AA1B0895BE008708E9 /* Images.xcassets */ = {isa = PBXFileReference; lastKnownFileType = folder.assetcatalog; path = Images.xcassets; sourceTree = "<group>"; };
		BABC46AD1B0895BE008708E9 /* Base */ = {isa = PBXFileReference; lastKnownFileType = file.xib; name = Base; path = Base.lproj/LaunchScreen.xib; sourceTree = "<group>"; };
		BABC46B31B0895BE008708E9 /* UITableViewPracticeTests.xctest */ = {isa = PBXFileReference; explicitFileType = wrapper.cfbundle; includeInIndex = 0; path = UITableViewPracticeTests.xctest; sourceTree = BUILT_PRODUCTS_DIR; };
		BABC46B81B0895BE008708E9 /* Info.plist */ = {isa = PBXFileReference; lastKnownFileType = text.plist.xml; path = Info.plist; sourceTree = "<group>"; };
		BABC46B91B0895BE008708E9 /* UITableViewPracticeTests.swift */ = {isa = PBXFileReference; lastKnownFileType = sourcecode.swift; path = UITableViewPracticeTests.swift; sourceTree = "<group>"; };
/* End PBXFileReference section */

/* Begin PBXFrameworksBuildPhase section */
		BABC469B1B0895BE008708E9 /* Frameworks */ = {
			isa = PBXFrameworksBuildPhase;
			buildActionMask = 2147483647;
			files = (
			);
			runOnlyForDeploymentPostprocessing = 0;
		};
		BABC46B01B0895BE008708E9 /* Frameworks */ = {
			isa = PBXFrameworksBuildPhase;
			buildActionMask = 2147483647;
			files = (
			);
			runOnlyForDeploymentPostprocessing = 0;
		};
/* End PBXFrameworksBuildPhase section */

/* Begin PBXGroup section */
		BABC46951B0895BE008708E9 = {
			isa = PBXGroup;
			children = (
				BABC46A01B0895BE008708E9 /* UITableViewPractice */,
				BABC46B61B0895BE008708E9 /* UITableViewPracticeTests */,
				BABC469F1B0895BE008708E9 /* Products */,
			);
			sourceTree = "<group>";
		};
		BABC469F1B0895BE008708E9 /* Products */ = {
			isa = PBXGroup;
			children = (
				BABC469E1B0895BE008708E9 /* UITableViewPractice.app */,
				BABC46B31B0895BE008708E9 /* UITableViewPracticeTests.xctest */,
			);
			name = Products;
			sourceTree = "<group>";
		};
		BABC46A01B0895BE008708E9 /* UITableViewPractice */ = {
			isa = PBXGroup;
			children = (
				BABC46A31B0895BE008708E9 /* AppDelegate.swift */,
				BABC46A51B0895BE008708E9 /* ViewController.swift */,
				BABC46A71B0895BE008708E9 /* Main.storyboard */,
				BABC46AA1B0895BE008708E9 /* Images.xcassets */,
				BABC46AC1B0895BE008708E9 /* LaunchScreen.xib */,
				BABC46A11B0895BE008708E9 /* Supporting Files */,
			);
			path = UITableViewPractice;
			sourceTree = "<group>";
		};
		BABC46A11B0895BE008708E9 /* Supporting Files */ = {
			isa = PBXGroup;
			children = (
				BABC46A21B0895BE008708E9 /* Info.plist */,
			);
			name = "Supporting Files";
			sourceTree = "<group>";
		};
		BABC46B61B0895BE008708E9 /* UITableViewPracticeTests */ = {
			isa = PBXGroup;
			children = (
				BABC46B91B0895BE008708E9 /* UITableViewPracticeTests.swift */,
				BABC46B71B0895BE008708E9 /* Supporting Files */,
			);
			path = UITableViewPracticeTests;
			sourceTree = "<group>";
		};
		BABC46B71B0895BE008708E9 /* Supporting Files */ = {
			isa = PBXGroup;
			children = (
				BABC46B81B0895BE008708E9 /* Info.plist */,
			);
			name = "Supporting Files";
			sourceTree = "<group>";
		};
/* End PBXGroup section */

/* Begin PBXNativeTarget section */
		BABC469D1B0895BE008708E9 /* UITableViewPractice */ = {
			isa = PBXNativeTarget;
			buildConfigurationList = BABC46BD1B0895BE008708E9 /* Build configuration list for PBXNativeTarget "UITableViewPractice" */;
			buildPhases = (
				BABC469A1B0895BE008708E9 /* Sources */,
				BABC469B1B0895BE008708E9 /* Frameworks */,
				BABC469C1B0895BE008708E9 /* Resources */,
			);
			buildRules = (
			);
			dependencies = (
			);
			name = UITableViewPractice;
			productName = UITableViewPractice;
			productReference = BABC469E1B0895BE008708E9 /* UITableViewPractice.app */;
			productType = "com.apple.product-type.application";
		};
		BABC46B21B0895BE008708E9 /* UITableViewPracticeTests */ = {
			isa = PBXNativeTarget;
			buildConfigurationList = BABC46C01B0895BE008708E9 /* Build configuration list for PBXNativeTarget "UITableViewPracticeTests" */;
			buildPhases = (
				BABC46AF1B0895BE008708E9 /* Sources */,
				BABC46B01B0895BE008708E9 /* Frameworks */,
				BABC46B11B0895BE008708E9 /* Resources */,
			);
			buildRules = (
			);
			dependencies = (
				BABC46B51B0895BE008708E9 /* PBXTargetDependency */,
			);
			name = UITableViewPracticeTests;
			productName = UITableViewPracticeTests;
			productReference = BABC46B31B0895BE008708E9 /* UITableViewPracticeTests.xctest */;
			productType = "com.apple.product-type.bundle.unit-test";
		};
/* End PBXNativeTarget section */

/* Begin PBXProject section */
		BABC46961B0895BE008708E9 /* Project object */ = {
			isa = PBXProject;
			attributes = {
				LastUpgradeCheck = 0630;
				ORGANIZATIONNAME = Henry;
				TargetAttributes = {
					BABC469D1B0895BE008708E9 = {
						CreatedOnToolsVersion = 6.3.1;
					};
					BABC46B21B0895BE008708E9 = {
						CreatedOnToolsVersion = 6.3.1;
						TestTargetID = BABC469D1B0895BE008708E9;
					};
				};
			};
			buildConfigurationList = BABC46991B0895BE008708E9 /* Build configuration list for PBXProject "UITableViewPractice" */;
			compatibilityVersion = "Xcode 3.2";
			developmentRegion = English;
			hasScannedForEncodings = 0;
			knownRegions = (
				en,
				Base,
			);
			mainGroup = BABC46951B0895BE008708E9;
			productRefGroup = BABC469F1B0895BE008708E9 /* Products */;
			projectDirPath = "";
			projectRoot = "";
			targets = (
				BABC469D1B0895BE008708E9 /* UITableViewPractice */,
				BABC46B21B0895BE008708E9 /* UITableViewPracticeTests */,
			);
		};
/* End PBXProject section */

/* Begin PBXResourcesBuildPhase section */
		BABC469C1B0895BE008708E9 /* Resources */ = {
			isa = PBXResourcesBuildPhase;
			buildActionMask = 2147483647;
			files = (
				BABC46A91B0895BE008708E9 /* Main.storyboard in Resources */,
				BABC46AE1B0895BE008708E9 /* LaunchScreen.xib in Resources */,
				BABC46AB1B0895BE008708E9 /* Images.xcassets in Resources */,
			);
			runOnlyForDeploymentPostprocessing = 0;
		};
		BABC46B11B0895BE008708E9 /* Resources */ = {
			isa = PBXResourcesBuildPhase;
			buildActionMask = 2147483647;
			files = (
			);
			runOnlyForDeploymentPostprocessing = 0;
		};
/* End PBXResourcesBuildPhase section */

/* Begin PBXSourcesBuildPhase section */
		BABC469A1B0895BE008708E9 /* Sources */ = {
			isa = PBXSourcesBuildPhase;
			buildActionMask = 2147483647;
			files = (
				BABC46A61B0895BE008708E9 /* ViewController.swift in Sources */,
				BABC46A41B0895BE008708E9 /* AppDelegate.swift in Sources */,
			);
			runOnlyForDeploymentPostprocessing = 0;
		};
		BABC46AF1B0895BE008708E9 /* Sources */ = {
			isa = PBXSourcesBuildPhase;
			buildActionMask = 2147483647;
			files = (
				BABC46BA1B0895BE008708E9 /* UITableViewPracticeTests.swift in Sources */,
			);
			runOnlyForDeploymentPostprocessing = 0;
		};
/* End PBXSourcesBuildPhase section */

/* Begin PBXTargetDependency section */
		BABC46B51B0895BE008708E9 /* PBXTargetDependency */ = {
			isa = PBXTargetDependency;
			target = BABC469D1B0895BE008708E9 /* UITableViewPractice */;
			targetProxy = BABC46B41B0895BE008708E9 /* PBXContainerItemProxy */;
		};
/* End PBXTargetDependency section */

/* Begin PBXVariantGroup section */
		BABC46A71B0895BE008708E9 /* Main.storyboard */ = {
			isa = PBXVariantGroup;
			children = (
				BABC46A81B0895BE008708E9 /* Base */,
			);
			name = Main.storyboard;
			sourceTree = "<group>";
		};
		BABC46AC1B0895BE008708E9 /* LaunchScreen.xib */ = {
			isa = PBXVariantGroup;
			children = (
				BABC46AD1B0895BE008708E9 /* Base */,
			);
			name = LaunchScreen.xib;
			sourceTree = "<group>";
		};
/* End PBXVariantGroup section */

/* Begin XCBuildConfiguration section */
		BABC46BB1B0895BE008708E9 /* Debug */ = {
			isa = XCBuildConfiguration;
			buildSettings = {
				ALWAYS_SEARCH_USER_PATHS = NO;
				CLANG_CXX_LANGUAGE_STANDARD = "gnu++0x";
				CLANG_CXX_LIBRARY = "libc++";
				CLANG_ENABLE_MODULES = YES;
				CLANG_ENABLE_OBJC_ARC = YES;
				CLANG_WARN_BOOL_CONVERSION = YES;
				CLANG_WARN_CONSTANT_CONVERSION = YES;
				CLANG_WARN_DIRECT_OBJC_ISA_USAGE = YES_ERROR;
				CLANG_WARN_EMPTY_BODY = YES;
				CLANG_WARN_ENUM_CONVERSION = YES;
				CLANG_WARN_INT_CONVERSION = YES;
				CLANG_WARN_OBJC_ROOT_CLASS = YES_ERROR;
				CLANG_WARN_UNREACHABLE_CODE = YES;
				CLANG_WARN__DUPLICATE_METHOD_MATCH = YES;
				"CODE_SIGN_IDENTITY[sdk=iphoneos*]" = "iPhone Developer";
				COPY_PHASE_STRIP = NO;
				DEBUG_INFORMATION_FORMAT = "dwarf-with-dsym";
				ENABLE_STRICT_OBJC_MSGSEND = YES;
				GCC_C_LANGUAGE_STANDARD = gnu99;
				GCC_DYNAMIC_NO_PIC = NO;
				GCC_NO_COMMON_BLOCKS = YES;
				GCC_OPTIMIZATION_LEVEL = 0;
				GCC_PREPROCESSOR_DEFINITIONS = (
					"DEBUG=1",
					"$(inherited)",
				);
				GCC_SYMBOLS_PRIVATE_EXTERN = NO;
				GCC_WARN_64_TO_32_BIT_CONVERSION = YES;
				GCC_WARN_ABOUT_RETURN_TYPE = YES_ERROR;
				GCC_WARN_UNDECLARED_SELECTOR = YES;
				GCC_WARN_UNINITIALIZED_AUTOS = YES_AGGRESSIVE;
				GCC_WARN_UNUSED_FUNCTION = YES;
				GCC_WARN_UNUSED_VARIABLE = YES;
				IPHONEOS_DEPLOYMENT_TARGET = 8.3;
				MTL_ENABLE_DEBUG_INFO = YES;
				ONLY_ACTIVE_ARCH = YES;
				SDKROOT = iphoneos;
				SWIFT_OPTIMIZATION_LEVEL = "-Onone";
			};
			name = Debug;
		};
		BABC46BC1B0895BE008708E9 /* Release */ = {
			isa = XCBuildConfiguration;
			buildSettings = {
				ALWAYS_SEARCH_USER_PATHS = NO;
				CLANG_CXX_LANGUAGE_STANDARD = "gnu++0x";
				CLANG_CXX_LIBRARY = "libc++";
				CLANG_ENABLE_MODULES = YES;
				CLANG_ENABLE_OBJC_ARC = YES;
				CLANG_WARN_BOOL_CONVERSION = YES;
				CLANG_WARN_CONSTANT_CONVERSION = YES;
				CLANG_WARN_DIRECT_OBJC_ISA_USAGE = YES_ERROR;
				CLANG_WARN_EMPTY_BODY = YES;
				CLANG_WARN_ENUM_CONVERSION = YES;
				CLANG_WARN_INT_CONVERSION = YES;
				CLANG_WARN_OBJC_ROOT_CLASS = YES_ERROR;
				CLANG_WARN_UNREACHABLE_CODE = YES;
				CLANG_WARN__DUPLICATE_METHOD_MATCH = YES;
				"CODE_SIGN_IDENTITY[sdk=iphoneos*]" = "iPhone Developer";
				COPY_PHASE_STRIP = NO;
				DEBUG_INFORMATION_FORMAT = "dwarf-with-dsym";
				ENABLE_NS_ASSERTIONS = NO;
				ENABLE_STRICT_OBJC_MSGSEND = YES;
				GCC_C_LANGUAGE_STANDARD = gnu99;
				GCC_NO_COMMON_BLOCKS = YES;
				GCC_WARN_64_TO_32_BIT_CONVERSION = YES;
				GCC_WARN_ABOUT_RETURN_TYPE = YES_ERROR;
				GCC_WARN_UNDECLARED_SELECTOR = YES;
				GCC_WARN_UNINITIALIZED_AUTOS = YES_AGGRESSIVE;
				GCC_WARN_UNUSED_FUNCTION = YES;
				GCC_WARN_UNUSED_VARIABLE = YES;
				IPHONEOS_DEPLOYMENT_TARGET = 8.3;
				MTL_ENABLE_DEBUG_INFO = NO;
				SDKROOT = iphoneos;
				VALIDATE_PRODUCT = YES;
			};
			name = Release;
		};
		BABC46BE1B0895BE008708E9 /* Debug */ = {
			isa = XCBuildConfiguration;
			buildSettings = {
				ASSETCATALOG_COMPILER_APPICON_NAME = AppIcon;
				INFOPLIST_FILE = UITableViewPractice/Info.plist;
				LD_RUNPATH_SEARCH_PATHS = "$(inherited) @executable_path/Frameworks";
				PRODUCT_NAME = "$(TARGET_NAME)";
			};
			name = Debug;
		};
		BABC46BF1B0895BE008708E9 /* Release */ = {
			isa = XCBuildConfiguration;
			buildSettings = {
				ASSETCATALOG_COMPILER_APPICON_NAME = AppIcon;
				INFOPLIST_FILE = UITableViewPractice/Info.plist;
				LD_RUNPATH_SEARCH_PATHS = "$(inherited) @executable_path/Frameworks";
				PRODUCT_NAME = "$(TARGET_NAME)";
			};
			name = Release;
		};
		BABC46C11B0895BE008708E9 /* Debug */ = {
			isa = XCBuildConfiguration;
			buildSettings = {
				BUNDLE_LOADER = "$(TEST_HOST)";
				FRAMEWORK_SEARCH_PATHS = (
					"$(SDKROOT)/Developer/Library/Frameworks",
					"$(inherited)",
				);
				GCC_PREPROCESSOR_DEFINITIONS = (
					"DEBUG=1",
					"$(inherited)",
				);
				INFOPLIST_FILE = UITableViewPracticeTests/Info.plist;
				LD_RUNPATH_SEARCH_PATHS = "$(inherited) @executable_path/Frameworks @loader_path/Frameworks";
				PRODUCT_NAME = "$(TARGET_NAME)";
				TEST_HOST = "$(BUILT_PRODUCTS_DIR)/UITableViewPractice.app/UITableViewPractice";
			};
			name = Debug;
		};
		BABC46C21B0895BE008708E9 /* Release */ = {
			isa = XCBuildConfiguration;
			buildSettings = {
				BUNDLE_LOADER = "$(TEST_HOST)";
				FRAMEWORK_SEARCH_PATHS = (
					"$(SDKROOT)/Developer/Library/Frameworks",
					"$(inherited)",
				);
				INFOPLIST_FILE = UITableViewPracticeTests/Info.plist;
				LD_RUNPATH_SEARCH_PATHS = "$(inherited) @executable_path/Frameworks @loader_path/Frameworks";
				PRODUCT_NAME = "$(TARGET_NAME)";
				TEST_HOST = "$(BUILT_PRODUCTS_DIR)/UITableViewPractice.app/UITableViewPractice";
			};
			name = Release;
		};
/* End XCBuildConfiguration section */

/* Begin XCConfigurationList section */
		BABC46991B0895BE008708E9 /* Build configuration list for PBXProject "UITableViewPractice" */ = {
			isa = XCConfigurationList;
			buildConfigurations = (
				BABC46BB1B0895BE008708E9 /* Debug */,
				BABC46BC1B0895BE008708E9 /* Release */,
			);
			defaultConfigurationIsVisible = 0;
			defaultConfigurationName = Release;
		};
		BABC46BD1B0895BE008708E9 /* Build configuration list for PBXNativeTarget "UITableViewPractice" */ = {
			isa = XCConfigurationList;
			buildConfigurations = (
				BABC46BE1B0895BE008708E9 /* Debug */,
				BABC46BF1B0895BE008708E9 /* Release */,
			);
			defaultConfigurationIsVisible = 0;
		};
		BABC46C01B0895BE008708E9 /* Build configuration list for PBXNativeTarget "UITableViewPracticeTests" */ = {
			isa = XCConfigurationList;
			buildConfigurations = (
				BABC46C11B0895BE008708E9 /* Debug */,
				BABC46C21B0895BE008708E9 /* Release */,
			);
			defaultConfigurationIsVisible = 0;
		};
/* End XCConfigurationList section */
	};
	rootObject = BABC46961B0895BE008708E9 /* Project object */;
}
